{
  "nodes": {
    "cracklib": {
      "flake": false,
      "locked": {
        "lastModified": 1662125957,
        "narHash": "sha256-9Xz6GISbDWhti/Fbawl1wkt8JwaiXk9xsPGyK0bGykU=",
        "owner": "cracklib",
        "repo": "cracklib",
        "rev": "af50859ed95d2fe6d5a46792b4b7666a3d02e6f3",
        "type": "github"
      },
      "original": {
        "owner": "cracklib",
        "repo": "cracklib",
        "type": "github"
      }
    },
    "devenv": {
      "locked": {
        "dir": "src/modules",
        "lastModified": 1677225427,
        "narHash": "sha256-+M4LGzGVAhkM0HOy2lexDUBwlLnv8UUX32utlSFaMc4=",
        "owner": "cachix",
        "repo": "devenv",
        "rev": "1aa3dbbf745f50e77aadc016d124fed3ca2dc9be",
        "type": "github"
      },
      "original": {
        "dir": "src/modules",
        "owner": "cachix",
        "repo": "devenv",
        "type": "github"
      }
    },
    "flake-compat": {
      "flake": false,
      "locked": {
        "lastModified": 1673956053,
        "narHash": "sha256-4gtG9iQuiKITOjNQQeQIpoIB6b16fm+504Ch3sNKLd8=",
        "owner": "edolstra",
        "repo": "flake-compat",
        "rev": "35bb57c0c8d8b62bbfd284272c928ceb64ddbde9",
        "type": "github"
      },
      "original": {
        "owner": "edolstra",
        "repo": "flake-compat",
        "type": "github"
      }
    },
    "flake-utils": {
      "locked": {
        "lastModified": 1667395993,
        "narHash": "sha256-nuEHfE/LcWyuSWnS8t12N1wc105Qtau+/OdUAjtQ0rA=",
        "owner": "numtide",
        "repo": "flake-utils",
        "rev": "5aed5285a952e0b949eb3ba02c12fa4fcfef535f",
        "type": "github"
      },
      "original": {
        "owner": "numtide",
        "repo": "flake-utils",
        "type": "github"
      }
    },
    "gitignore": {
      "inputs": {
        "nixpkgs": [
          "pre-commit-hooks",
          "nixpkgs"
        ]
      },
      "locked": {
        "lastModified": 1660459072,
        "narHash": "sha256-8DFJjXG8zqoONA1vXtgeKXy68KdJL5UaXR8NtVMUbx8=",
        "owner": "hercules-ci",
        "repo": "gitignore.nix",
        "rev": "a20de23b925fd8264fd7fad6454652e142fd7f73",
        "type": "github"
      },
      "original": {
        "owner": "hercules-ci",
        "repo": "gitignore.nix",
        "type": "github"
      }
    },
    "nix-filter": {
      "locked": {
        "lastModified": 1676294984,
        "narHash": "sha256-hdLUa/3RH1VJ+gMUysQE0JGM4F2Q/tIIFbtoxAOurJQ=",
        "owner": "numtide",
        "repo": "nix-filter",
        "rev": "fc282c5478e4141842f9644c239a41cfe9586732",
        "type": "github"
      },
      "original": {
        "owner": "numtide",
        "repo": "nix-filter",
        "type": "github"
      }
    },
    "nix-filter_2": {
      "locked": {
        "lastModified": 1666547822,
        "narHash": "sha256-razwnAybPHyoAyhkKCwXdxihIqJi1G6e1XP4FQOJTEs=",
        "owner": "numtide",
        "repo": "nix-filter",
        "rev": "1a3b735e13e90a8d2fd5629f2f8363bd7ffbbec7",
        "type": "github"
      },
      "original": {
        "owner": "numtide",
        "repo": "nix-filter",
        "type": "github"
      }
    },
    "nix-utils": {
      "inputs": {
        "nix-filter": "nix-filter_2",
        "nixpkgs": "nixpkgs"
      },
      "locked": {
        "lastModified": 1674303156,
        "narHash": "sha256-UbUgWHgs3/VRGkvRxLNNBYOVlQ/N7psid8HLTEd2wnI=",
        "owner": "smunix",
        "repo": "nix-utils",
        "rev": "3a5f6759d7438a9ac539f956421821d9933b418d",
        "type": "github"
      },
      "original": {
        "owner": "smunix",
        "repo": "nix-utils",
        "type": "github"
      }
    },
    "nixpkgs": {
      "locked": {
        "lastModified": 1674259967,
        "narHash": "sha256-ssDQlqzwrhLFl6CWH+0qgYTmd+aWyiZV3C4Krk8gXTQ=",
        "owner": "nixos",
        "repo": "nixpkgs",
        "rev": "4684c03fe1819101e279127e8f1d14be9cdafec7",
        "type": "github"
      },
      "original": {
        "owner": "nixos",
        "ref": "haskell-updates",
        "repo": "nixpkgs",
        "type": "github"
      }
    },
    "nixpkgs-stable": {
      "locked": {
        "lastModified": 1673800717,
        "narHash": "sha256-SFHraUqLSu5cC6IxTprex/nTsI81ZQAtDvlBvGDWfnA=",
        "owner": "NixOS",
        "repo": "nixpkgs",
        "rev": "2f9fd351ec37f5d479556cd48be4ca340da59b8f",
        "type": "github"
      },
      "original": {
        "owner": "NixOS",
        "ref": "nixos-22.11",
        "repo": "nixpkgs",
        "type": "github"
      }
    },
    "nixpkgs_2": {
      "locked": {
        "lastModified": 1677262115,
        "narHash": "sha256-DPkHiJw2QnKYAzQXBlwelwghxbcD5oigK2kLPHMpMQ8=",
        "owner": "NixOS",
        "repo": "nixpkgs",
        "rev": "806075be2bdde71895359ed18cb530c4d323e6f6",
        "type": "github"
      },
      "original": {
        "owner": "NixOS",
        "ref": "nixpkgs-unstable",
        "repo": "nixpkgs",
        "type": "github"
      }
    },
    "pre-commit-hooks": {
      "inputs": {
        "flake-compat": "flake-compat",
        "flake-utils": "flake-utils",
        "gitignore": "gitignore",
        "nixpkgs": [
          "nixpkgs"
        ],
        "nixpkgs-stable": "nixpkgs-stable"
      },
      "locked": {
        "lastModified": 1677160285,
        "narHash": "sha256-tBzpCjMP+P3Y3nKLYvdBkXBg3KvTMo3gvi8tLQaqXVY=",
        "owner": "cachix",
        "repo": "pre-commit-hooks.nix",
        "rev": "2bd861ab81469428d9c823ef72c4bb08372dd2c4",
        "type": "github"
      },
      "original": {
        "owner": "cachix",
        "repo": "pre-commit-hooks.nix",
        "type": "github"
      }
    },
    "root": {
      "inputs": {
        "cracklib": "cracklib",
        "devenv": "devenv",
        "nix-filter": "nix-filter",
        "nix-utils": "nix-utils",
        "nixpkgs": "nixpkgs_2",
        "pre-commit-hooks": "pre-commit-hooks"
      }
    }
  },
  "root": "root",
  "version": 7
}
